
Microsoft Visual Studio Solution File, Format Version 12.00
# Visual Studio Version 17
VisualStudioVersion = 17.2.32526.322
MinimumVisualStudioVersion = 10.0.40219.1
Project("{FAE04EC0-301F-11D3-BF4B-00C04F79EFBC}") = "MovieService", "MovieService\MovieService.csproj", "{8EB50E85-7920-4B0D-862A-97118BD3ED4A}"
EndProject
Project("{FAE04EC0-301F-11D3-BF4B-00C04F79EFBC}") = "ASPNETCORE_IOC_StandaloneSample", "ASPNETCORE_IOC_StandaloneSample\ASPNETCORE_IOC_StandaloneSample.csproj", "{B6CD3F4D-5624-4A8B-A5F9-3188BB764B9F}"
EndProject
Global
	GlobalSection(SolutionConfigurationPlatforms) = preSolution
		Debug|Any CPU = Debug|Any CPU
		Release|Any CPU = Release|Any CPU
	EndGlobalSection
	GlobalSection(ProjectConfigurationPlatforms) = postSolution
		{8EB50E85-7920-4B0D-862A-97118BD3ED4A}.Debug|Any CPU.ActiveCfg = Debug|Any CPU
		{8EB50E85-7920-4B0D-862A-97118BD3ED4A}.Debug|Any CPU.Build.0 = Debug|Any CPU
		{8EB50E85-7920-4B0D-862A-97118BD3ED4A}.Release|Any CPU.ActiveCfg = Release|Any CPU
		{8EB50E85-7920-4B0D-862A-97118BD3ED4A}.Release|Any CPU.Build.0 = Release|Any CPU
		{B6CD3F4D-5624-4A8B-A5F9-3188BB764B9F}.Debug|Any CPU.ActiveCfg = Debug|Any CPU
		{B6CD3F4D-5624-4A8B-A5F9-3188BB764B9F}.Debug|Any CPU.Build.0 = Debug|Any CPU
		{B6CD3F4D-5624-4A8B-A5F9-3188BB764B9F}.Release|Any CPU.ActiveCfg = Release|Any CPU
		{B6CD3F4D-5624-4A8B-A5F9-3188BB764B9F}.Release|Any CPU.Build.0 = Release|Any CPU
	EndGlobalSection
	GlobalSection(SolutionProperties) = preSolution
		HideSolutionNode = FALSE
	EndGlobalSection
	GlobalSection(ExtensibilityGlobals) = postSolution
		SolutionGuid = {4B69C366-E168-43CB-A8C8-EDB7D9AB2F3C}
	EndGlobalSection
EndGlobal
